GIT
  remote: git://github.com/akretion/shopinvader.git
  revision: e21b72b2fb744b49d8f5da3202edd0f85e3f9baa
  ref: e21b72b2fb744b49d8f5da3202edd0f85e3f9baa
  branch: add-erp-proxy
  specs:
    shop_invader (0.1.0)
      algoliasearch (~> 1.13.0)
      faraday (~> 0.11.0)

GIT
  remote: git://github.com/locomotivecms/custom_fields.git
  revision: 36b79ea91b896abdc5c863f898b16dd1e9ae9756
  specs:
    custom_fields (2.8.0)
      activesupport (~> 4.2.7)
      bcrypt (~> 3.1.11)
      carrierwave-mongoid (~> 0.10.0)
      monetize (~> 1.6.0)
      mongoid (~> 5.2.0)

GIT
  remote: git://github.com/locomotivecms/engine.git
  revision: 71f0b0c5c42b6d35751e81ca9d66ac1317b115e4
  specs:
    locomotivecms (3.3.0.rc2)
      actionmailer-with-request (~> 0.4.0)
      autoprefixer-rails (~> 6.7.2)
      bazaar (~> 0.0.2)
      bootstrap-kaminari-views (~> 0.0.5)
      bootstrap-sass (~> 3.3.6)
      carrierwave-mongoid (~> 0.10.0)
      codemirror-rails (~> 5.6)
      custom_fields (~> 2.8.0)
      devise (~> 3.5.10)
      devise-encryptable (~> 0.2.0)
      dragonfly (~> 1.1.1)
      flash_cookie_session (~> 1.1.1)
      font-awesome-sass (~> 4.7.0)
      grape (~> 0.12.0)
      grape-entity (= 0.4.5)
      highline (~> 1.7.8)
      jquery-rails (~> 4.1.0)
      jquery-ui-rails (~> 5.0.3)
      json-schema (~> 2.8.0)
      kaminari (~> 0.17.0)
      locomotivecms_steam (~> 1.3.0.rc1)
      mongo_session_store-rails4 (~> 6.0.0)
      mongoid (~> 5.2.0)
      mongoid-tree (~> 2.1.0)
      multi_json (~> 1.12.1)
      nprogress-rails (~> 0.1.6.7)
      pundit (~> 1.1.0)
      rack-cache (~> 1.7.0)
      rails (~> 4.2.8)
      rails-i18n (~> 4.0.9)
      rake (~> 12.0.0)
      responders (~> 2.3.0)
      simple_form (~> 3.4.0)
      simple_token_authentication (~> 1.15.1)
      slim (~> 3.0.7)

GIT
  remote: git://github.com/locomotivecms/steam.git
  revision: 0b2fab03029872cf3b4f73336ae8fc2d241e06af
  specs:
    locomotivecms_steam (1.3.0.rc1)
      RedCloth (~> 4.3.2)
      autoprefixer-rails (~> 6.7.2)
      bcrypt (~> 3.1.11)
      chronic (~> 0.10.2)
      coffee-script (~> 2.4.1)
      compass (~> 1.0.3)
      dragonfly (~> 1.1.1)
      duktape (~> 1.6.1.0)
      httparty (~> 0.14.0)
      kramdown (~> 1.13.2)
      locomotivecms-solid (~> 4.0.1)
      locomotivecms_common (~> 0.2.0)
      mime-types (~> 3.1.0)
      mimetype-fu (~> 0.1.2)
      moneta (~> 1.0.0)
      morphine (~> 0.1.1)
      nokogiri (~> 1.7.0.1)
      pony (~> 1.11)
      rack-cache (~> 1.7.0)
      rack-rewrite (~> 1.5.1)
      rack_csrf (~> 2.6.0)
      sanitize (~> 4.4.0)
      sass (~> 3.4.23)
      sprockets (~> 3.7.1)
      uglifier (~> 3.1.6)

GIT
  remote: git://github.com/locomotivecms/wagon.git
  revision: 78d04369970bbdd0654623e1b618c4d6411a08da
  specs:
    locomotivecms_wagon (2.3.0.rc1)
      faker (~> 1.6)
      haml (~> 4.0.7)
      listen (~> 3.1.5)
      locomotivecms_coal (~> 1.4.0)
      locomotivecms_common (~> 0.2.0)
      locomotivecms_steam (~> 1.3.0.rc1)
      netrc (~> 0.11.0)
      rack-livereload (~> 0.3.16)
      rubyzip (~> 1.2.1)
      thin (~> 1.7.0)
      thor (~> 0.19.4)

GEM
  remote: https://rubygems.org/
  specs:
    RedCloth (4.3.2)
    actionmailer (4.2.8)
      actionpack (= 4.2.8)
      actionview (= 4.2.8)
      activejob (= 4.2.8)
      mail (~> 2.5, >= 2.5.4)
      rails-dom-testing (~> 1.0, >= 1.0.5)
    actionmailer-with-request (0.4.0)
      rails (>= 3)
    actionpack (4.2.8)
      actionview (= 4.2.8)
      activesupport (= 4.2.8)
      rack (~> 1.6)
      rack-test (~> 0.6.2)
      rails-dom-testing (~> 1.0, >= 1.0.5)
      rails-html-sanitizer (~> 1.0, >= 1.0.2)
    actionview (4.2.8)
      activesupport (= 4.2.8)
      builder (~> 3.1)
      erubis (~> 2.7.0)
      rails-dom-testing (~> 1.0, >= 1.0.5)
      rails-html-sanitizer (~> 1.0, >= 1.0.3)
    activejob (4.2.8)
      activesupport (= 4.2.8)
      globalid (>= 0.3.0)
    activemodel (4.2.8)
      activesupport (= 4.2.8)
      builder (~> 3.1)
    activerecord (4.2.8)
      activemodel (= 4.2.8)
      activesupport (= 4.2.8)
      arel (~> 6.0)
    activesupport (4.2.8)
      i18n (~> 0.7)
      minitest (~> 5.1)
      thread_safe (~> 0.3, >= 0.3.4)
      tzinfo (~> 1.1)
    addressable (2.5.1)
      public_suffix (~> 2.0, >= 2.0.2)
    algoliasearch (1.13.0)
      httpclient (~> 2.8.3)
      json (>= 1.5.1)
    arel (6.0.4)
    attr_extras (4.4.0)
    autoprefixer-rails (6.7.7.2)
      execjs
    axiom-types (0.1.1)
      descendants_tracker (~> 0.0.4)
      ice_nine (~> 0.11.0)
      thread_safe (~> 0.3, >= 0.3.1)
    bazaar (0.0.2)
    bcrypt (3.1.11)
    bootstrap-kaminari-views (0.0.5)
      kaminari (>= 0.13)
      rails (>= 3.1)
    bootstrap-sass (3.3.7)
      autoprefixer-rails (>= 5.2.1)
      sass (>= 3.3.4)
    bson (4.2.1)
    builder (3.2.3)
    carrierwave (0.11.2)
      activemodel (>= 3.2.0)
      activesupport (>= 3.2.0)
      json (>= 1.7)
      mime-types (>= 1.16)
      mimemagic (>= 0.3.0)
    carrierwave-mongoid (0.10.0)
      carrierwave (>= 0.8.0, < 0.12.0)
      mongoid (>= 3.0, < 7.0)
      mongoid-grid_fs (>= 1.3, < 3.0)
    chronic (0.10.2)
    chunky_png (1.3.8)
    codemirror-rails (5.16.0)
      railties (>= 3.0, < 6.0)
    coercible (1.0.0)
      descendants_tracker (~> 0.0.1)
    coffee-script (2.4.1)
      coffee-script-source
      execjs
    coffee-script-source (1.12.2)
    colorize (0.8.1)
    compass (1.0.3)
      chunky_png (~> 1.2)
      compass-core (~> 1.0.2)
      compass-import-once (~> 1.0.5)
      rb-fsevent (>= 0.9.3)
      rb-inotify (>= 0.9)
      sass (>= 3.3.13, < 3.5)
    compass-core (1.0.3)
      multi_json (~> 1.0)
      sass (>= 3.3.0, < 3.5)
    compass-import-once (1.0.5)
      sass (>= 3.2, < 3.5)
    concurrent-ruby (1.0.5)
    crass (1.0.2)
    daemons (1.2.4)
    descendants_tracker (0.0.4)
      thread_safe (~> 0.3, >= 0.3.1)
    devise (3.5.10)
      bcrypt (~> 3.0)
      orm_adapter (~> 0.1)
      railties (>= 3.2.6, < 5)
      responders
      thread_safe (~> 0.1)
      warden (~> 1.2.3)
    devise-encryptable (0.2.0)
      devise (>= 2.1.0)
    dragonfly (1.1.2)
      addressable (~> 2.3)
      multi_json (~> 1.0)
      rack (>= 1.3)
    duktape (1.6.1.0)
    equalizer (0.0.11)
    erubis (2.7.0)
    eventmachine (1.2.3)
    execjs (2.7.0)
    faker (1.7.3)
      i18n (~> 0.5)
    faraday (0.11.0)
      multipart-post (>= 1.2, < 3)
    faraday_middleware (0.11.0.1)
      faraday (>= 0.7.4, < 1.0)
    ffi (1.9.18)
    flash_cookie_session (1.1.6)
      rails (>= 3.0)
    font-awesome-sass (4.7.0)
      sass (>= 3.2)
    globalid (0.4.0)
      activesupport (>= 4.2.0)
    grape (0.12.0)
      activesupport
      builder
      hashie (>= 2.1.0)
      multi_json (>= 1.3.2)
      multi_xml (>= 0.5.2)
      rack (>= 1.3.0)
      rack-accept
      rack-mount
      virtus (>= 1.0.0)
    grape-entity (0.4.5)
      activesupport
      multi_json (>= 1.3.2)
    haml (4.0.7)
      tilt
    hashie (3.5.5)
    highline (1.7.8)
    httparty (0.14.0)
      multi_xml (>= 0.5.2)
    httpclient (2.8.3)
    i18n (0.8.4)
    ice_nine (0.11.2)
    jquery-rails (4.1.1)
      rails-dom-testing (>= 1, < 3)
      railties (>= 4.2.0)
      thor (>= 0.14, < 2.0)
    jquery-ui-rails (5.0.5)
      railties (>= 3.2.16)
    json (2.1.0)
    json-schema (2.8.0)
      addressable (>= 2.4)
    kaminari (0.17.0)
      actionpack (>= 3.0.0)
      activesupport (>= 3.0.0)
    kramdown (1.13.2)
    libv8 (3.16.14.19)
    listen (3.1.5)
      rb-fsevent (~> 0.9, >= 0.9.4)
      rb-inotify (~> 0.9, >= 0.9.7)
      ruby_dep (~> 1.2)
    locomotivecms-liquid (4.0.0)
    locomotivecms-solid (4.0.1)
      locomotivecms-liquid (~> 4.0.0)
    locomotivecms_coal (1.4.0)
      activesupport (~> 4.2.8)
      faraday (~> 0.11.0)
      faraday_middleware (~> 0.11.0.1)
      httpclient (~> 2.8.3)
    locomotivecms_common (0.2.0)
      activesupport (~> 4.2.6)
      attr_extras (~> 4.4.0)
      colorize
      stringex (~> 2.6.0)
    loofah (2.0.3)
      nokogiri (>= 1.5.9)
    mail (2.6.5)
      mime-types (>= 1.16, < 4)
    mime-types (3.1)
      mime-types-data (~> 3.2015)
    mime-types-data (3.2016.0521)
    mimemagic (0.3.2)
    mimetype-fu (0.1.2)
    mini_portile2 (2.1.0)
    minitest (5.10.2)
    moneta (1.0.0)
    monetize (1.6.0)
      money (~> 6.8)
    money (6.9.0)
      i18n (>= 0.6.4, < 0.9)
    mongo (2.4.2)
      bson (>= 4.2.1, < 5.0.0)
    mongo_session_store-rails4 (6.0.0)
      actionpack (>= 3.1)
    mongoid (5.2.1)
      activemodel (~> 4.0)
      mongo (>= 2.4.1, < 3.0.0)
      origin (~> 2.3)
      tzinfo (>= 0.3.37)
    mongoid-grid_fs (2.3.0)
      mime-types (>= 1.0, < 4.0)
      mongoid (>= 3.0, < 7.0)
    mongoid-tree (2.1.0)
      mongoid (>= 4.0, < 7.0)
    morphine (0.1.1)
    multi_json (1.12.1)
    multi_xml (0.6.0)
    multipart-post (2.0.0)
    netrc (0.11.0)
    nokogiri (1.7.0.1)
      mini_portile2 (~> 2.1.0)
    nokogumbo (1.4.11)
      nokogiri
    nprogress-rails (0.1.6.8)
    origin (2.3.1)
    orm_adapter (0.5.0)
    pony (1.11)
      mail (>= 2.0)
    public_suffix (2.0.5)
    pundit (1.1.0)
      activesupport (>= 3.0.0)
    rack (1.6.8)
    rack-accept (0.4.5)
      rack (>= 0.4)
    rack-cache (1.7.0)
      rack (>= 0.4)
    rack-livereload (0.3.16)
      rack
    rack-mount (0.8.3)
      rack (>= 1.0.0)
    rack-rewrite (1.5.1)
    rack-test (0.6.3)
      rack (>= 1.0)
    rack_csrf (2.6.0)
      rack (>= 1.1.0)
    rails (4.2.8)
      actionmailer (= 4.2.8)
      actionpack (= 4.2.8)
      actionview (= 4.2.8)
      activejob (= 4.2.8)
      activemodel (= 4.2.8)
      activerecord (= 4.2.8)
      activesupport (= 4.2.8)
      bundler (>= 1.3.0, < 2.0)
      railties (= 4.2.8)
      sprockets-rails
    rails-deprecated_sanitizer (1.0.3)
      activesupport (>= 4.2.0.alpha)
    rails-dom-testing (1.0.8)
      activesupport (>= 4.2.0.beta, < 5.0)
      nokogiri (~> 1.6)
      rails-deprecated_sanitizer (>= 1.0.1)
    rails-html-sanitizer (1.0.3)
      loofah (~> 2.0)
    rails-i18n (4.0.9)
      i18n (~> 0.7)
      railties (~> 4.0)
    railties (4.2.8)
      actionpack (= 4.2.8)
      activesupport (= 4.2.8)
      rake (>= 0.8.7)
      thor (>= 0.18.1, < 2.0)
    rake (12.0.0)
    rb-fsevent (0.9.8)
    rb-inotify (0.9.8)
      ffi (>= 0.5.0)
    ref (2.0.0)
    responders (2.3.0)
      railties (>= 4.2.0, < 5.1)
    ruby_dep (1.5.0)
    rubyzip (1.2.1)
    sanitize (4.4.0)
      crass (~> 1.0.2)
      nokogiri (>= 1.4.4)
      nokogumbo (~> 1.4.1)
    sass (3.4.24)
    simple_form (3.4.0)
      actionpack (> 4, < 5.1)
      activemodel (> 4, < 5.1)
    simple_token_authentication (1.15.1)
      actionmailer (>= 3.2.6, < 6)
      actionpack (>= 3.2.6, < 6)
      devise (>= 3.2, < 6)
    slim (3.0.8)
      temple (>= 0.7.6, < 0.9)
      tilt (>= 1.3.3, < 2.1)
    sprockets (3.7.1)
      concurrent-ruby (~> 1.0)
      rack (> 1, < 3)
    sprockets-rails (3.2.0)
      actionpack (>= 4.0)
      activesupport (>= 4.0)
      sprockets (>= 3.0.0)
    stringex (2.6.1)
    temple (0.8.0)
    therubyracer (0.12.3)
      libv8 (~> 3.16.14.15)
      ref
    thin (1.7.0)
      daemons (~> 1.0, >= 1.0.9)
      eventmachine (~> 1.0, >= 1.0.4)
      rack (>= 1, < 3)
    thor (0.19.4)
    thread_safe (0.3.6)
    tilt (2.0.7)
    tzinfo (1.2.3)
      thread_safe (~> 0.1)
    uglifier (3.1.13)
      execjs (>= 0.3.0, < 3)
    virtus (1.0.5)
      axiom-types (~> 0.1)
      coercible (~> 1.0)
      descendants_tracker (~> 0.0, >= 0.0.3)
      equalizer (~> 0.0, >= 0.0.9)
    warden (1.2.7)
      rack (>= 1.0)

PLATFORMS
  ruby

DEPENDENCIES
  custom_fields!
  locomotivecms!
  locomotivecms_steam!
  locomotivecms_wagon!
  rb-inotify (~> 0.9)
  shop_invader!
  therubyracer

BUNDLED WITH
   1.14.6
